# THIS IS AN AUTOGENERATED FILE. DO NOT EDIT THIS FILE DIRECTLY.
# yarn lockfile v1


mgrs@1.0.0:
  version "1.0.0"
  resolved "https://registry.yarnpkg.com/mgrs/-/mgrs-1.0.0.tgz#fb91588e78c90025672395cb40b25f7cd6ad1829"
  integrity sha1-+5FYjnjJACVnI5XLQLJffNatGCk=

proj4@^2.6.0:
  version "2.7.2"
  resolved "https://registry.yarnpkg.com/proj4/-/proj4-2.7.2.tgz#faa42e5965aa275af5438ba2da8c59d1cc501137"
  integrity sha512-x/EboBmIq48a9FED0Z9zWCXkd8VIpXHLsyEXljGtsnzeztC41bFjPjJ0S//wBbNLDnDYRe0e6c3FSSiqMCebDA==
  dependencies:
    mgrs "1.0.0"
    wkt-parser "^1.2.4"

wkt-parser@^1.2.4:
  version "1.2.4"
  resolved "https://registry.yarnpkg.com/wkt-parser/-/wkt-parser-1.2.4.tgz#e42ba7b96f13aef82a2da9056e2d87da0fec5393"
  integrity sha512-ZzKnc7ml/91fOPh5bANBL4vUlWPIYYv11waCtWTkl2TRN+LEmBg60Q1MA8gqV4hEp4MGfSj9JiHz91zw/gTDXg==
